
Microsoft Visual Studio Solution File, Format Version 12.00
Project("{FAE04EC0-301F-11D3-BF4B-00C04F79EFBC}") = "GdDbSourceGen", "Generator\GdDbSourceGen.csproj", "{A881C893-A1C6-4D0D-9021-FD9AE7CAB459}"
EndProject
Project("{FAE04EC0-301F-11D3-BF4B-00C04F79EFBC}") = "TestProj", "TestProj\TestProj.csproj", "{9A013ABC-38C4-4634-8DA6-D930BD65EEB8}"
EndProject
Project("{FAE04EC0-301F-11D3-BF4B-00C04F79EFBC}") = "GDDB", "GDDB\GDDB.csproj", "{F9951971-34D0-4E5B-9D3D-8A2EB296B04A}"
EndProject
Global
	GlobalSection(SolutionConfigurationPlatforms) = preSolution
		Debug|Any CPU = Debug|Any CPU
		Release|Any CPU = Release|Any CPU
	EndGlobalSection
	GlobalSection(ProjectConfigurationPlatforms) = postSolution
		{A881C893-A1C6-4D0D-9021-FD9AE7CAB459}.Debug|Any CPU.ActiveCfg = Debug|Any CPU
		{A881C893-A1C6-4D0D-9021-FD9AE7CAB459}.Debug|Any CPU.Build.0 = Debug|Any CPU
		{A881C893-A1C6-4D0D-9021-FD9AE7CAB459}.Release|Any CPU.ActiveCfg = Release|Any CPU
		{A881C893-A1C6-4D0D-9021-FD9AE7CAB459}.Release|Any CPU.Build.0 = Release|Any CPU
		{9A013ABC-38C4-4634-8DA6-D930BD65EEB8}.Debug|Any CPU.ActiveCfg = Debug|Any CPU
		{9A013ABC-38C4-4634-8DA6-D930BD65EEB8}.Debug|Any CPU.Build.0 = Debug|Any CPU
		{9A013ABC-38C4-4634-8DA6-D930BD65EEB8}.Release|Any CPU.ActiveCfg = Release|Any CPU
		{9A013ABC-38C4-4634-8DA6-D930BD65EEB8}.Release|Any CPU.Build.0 = Release|Any CPU
		{F9951971-34D0-4E5B-9D3D-8A2EB296B04A}.Debug|Any CPU.ActiveCfg = Debug|Any CPU
		{F9951971-34D0-4E5B-9D3D-8A2EB296B04A}.Debug|Any CPU.Build.0 = Debug|Any CPU
		{F9951971-34D0-4E5B-9D3D-8A2EB296B04A}.Release|Any CPU.ActiveCfg = Release|Any CPU
		{F9951971-34D0-4E5B-9D3D-8A2EB296B04A}.Release|Any CPU.Build.0 = Release|Any CPU
	EndGlobalSection
EndGlobal
